
Microsoft Visual Studio Solution File, Format Version 12.00
Project("{FAE04EC0-301F-11D3-BF4B-00C04F79EFBC}") = "DataIngrestorApi.App", "src\DataIngrestorApi.App\DataIngrestorApi.App.csproj", "{AEF3F7F8-0AC1-49FA-9AB7-DF43753F8EC9}"
EndProject
Project("{FAE04EC0-301F-11D3-BF4B-00C04F79EFBC}") = "Aggregator.Core", "src\Aggregator.Core\Aggregator.Core.csproj", "{B4D2D4E9-AA10-48FF-A5FD-B5E634A01F3A}"
EndProject
Project("{FAE04EC0-301F-11D3-BF4B-00C04F79EFBC}") = "Aggregator.Repositories", "src\Aggregator.Repositories\Aggregator.Repositories.csproj", "{DF277C3A-0779-45E1-8FE3-CEF677756E48}"
EndProject
Project("{FAE04EC0-301F-11D3-BF4B-00C04F79EFBC}") = "MessagingBroker", "src\Infrastructure\MessagingBroker\MessagingBroker.csproj", "{91761164-DAE0-4456-8342-39A571BE9A27}"
EndProject
Project("{2150E333-8FDC-42A3-9474-1A3956D46DE8}") = "KIT", "KIT", "{53440ED9-EC80-4AB9-B5F2-D9A018D57D37}"
EndProject
Project("{FAE04EC0-301F-11D3-BF4B-00C04F79EFBC}") = "OptionsConfiguration", "src\Infrastructure\OptionsConfiguration\OptionsConfiguration.csproj", "{6559E63E-9734-46A2-9C6B-82D1EDCDCB10}"
EndProject
Project("{FAE04EC0-301F-11D3-BF4B-00C04F79EFBC}") = "DataIngrestorApi.Services", "src\DataIngrestorApi.Services\DataIngrestorApi.Services.csproj", "{15C85FC4-804E-4D81-B26B-812D5F5E73D8}"
EndProject
Project("{FAE04EC0-301F-11D3-BF4B-00C04F79EFBC}") = "Common", "src\Infrastructure\Common\Common.csproj", "{AC6DA5B8-2E4D-4D1D-AAB1-1D9F543EA487}"
EndProject
Project("{2150E333-8FDC-42A3-9474-1A3956D46DE8}") = "Apps", "Apps", "{141C8A94-D506-4060-BAFA-47928EA9B627}"
EndProject
Project("{2150E333-8FDC-42A3-9474-1A3956D46DE8}") = "BLL", "BLL", "{89D8B426-F1AF-4598-AAC6-B2F7CF260062}"
EndProject
Project("{2150E333-8FDC-42A3-9474-1A3956D46DE8}") = "DAL", "DAL", "{11638FC4-FCB4-48D9-9873-4B88A285E65E}"
EndProject
Project("{FAE04EC0-301F-11D3-BF4B-00C04F79EFBC}") = "DataIngrestorApi.DTOs", "src\DataIngrestorApi.DTOs\DataIngrestorApi.DTOs.csproj", "{845B1A9B-8FE6-4777-81B8-3FA3D00B3183}"
EndProject
Project("{FAE04EC0-301F-11D3-BF4B-00C04F79EFBC}") = "DataIngrestorApi.DataAccess", "src\DataIngrestorApi.DataAccess\DataIngrestorApi.DataAccess.csproj", "{7F67DBF9-9028-4668-B164-B6D5FC63BFC0}"
EndProject
Project("{FAE04EC0-301F-11D3-BF4B-00C04F79EFBC}") = "Aggregator.DataAccess", "src\Aggregator.DataAccess\Aggregator.DataAccess.csproj", "{5412D135-F0E6-4684-8EEE-AC8B757A83C9}"
EndProject
Project("{FAE04EC0-301F-11D3-BF4B-00C04F79EFBC}") = "Aggregator.App", "src\Aggregator.App\Aggregator.App.csproj", "{46EAD774-294B-48AB-9B21-B13E3FEB206B}"
EndProject
Project("{FAE04EC0-301F-11D3-BF4B-00C04F79EFBC}") = "Aggregator.DTOs", "src\Aggregator.DTOs\Aggregator.DTOs.csproj", "{8E594E05-5CDD-48F8-A5B5-98B627685D14}"
EndProject
Project("{FAE04EC0-301F-11D3-BF4B-00C04F79EFBC}") = "NotificationService.App", "src\NotificationService.App\NotificationService.App.csproj", "{A2373D48-05E3-4C84-B839-BAF9954C05A1}"
EndProject
Project("{FAE04EC0-301F-11D3-BF4B-00C04F79EFBC}") = "NotificationService.Core", "src\NotificationService.Core\NotificationService.Core.csproj", "{A17773F9-9438-485B-94FF-06195BF731A6}"
EndProject
Project("{FAE04EC0-301F-11D3-BF4B-00C04F79EFBC}") = "ControlPanel.App", "src\ControlPanel.App\ControlPanel.App.csproj", "{3DBF952F-8F4C-45E3-AC9F-E5F14690825A}"
EndProject
Project("{FAE04EC0-301F-11D3-BF4B-00C04F79EFBC}") = "ControlPanel.DataAccess", "src\ControlPanel.DataAccess\ControlPanel.DataAccess.csproj", "{008B5043-6EEA-4C21-B65E-3B6E446DAD52}"
EndProject
Project("{FAE04EC0-301F-11D3-BF4B-00C04F79EFBC}") = "ControlPanel.Core", "src\ControlPanel.Core\ControlPanel.Core.csproj", "{4811E6CD-99B9-4905-B08D-C1C2295503D8}"
EndProject
Global
	GlobalSection(SolutionConfigurationPlatforms) = preSolution
		Debug|Any CPU = Debug|Any CPU
		Release|Any CPU = Release|Any CPU
	EndGlobalSection
	GlobalSection(ProjectConfigurationPlatforms) = postSolution
		{AEF3F7F8-0AC1-49FA-9AB7-DF43753F8EC9}.Debug|Any CPU.ActiveCfg = Debug|Any CPU
		{AEF3F7F8-0AC1-49FA-9AB7-DF43753F8EC9}.Debug|Any CPU.Build.0 = Debug|Any CPU
		{AEF3F7F8-0AC1-49FA-9AB7-DF43753F8EC9}.Release|Any CPU.ActiveCfg = Release|Any CPU
		{AEF3F7F8-0AC1-49FA-9AB7-DF43753F8EC9}.Release|Any CPU.Build.0 = Release|Any CPU
		{B4D2D4E9-AA10-48FF-A5FD-B5E634A01F3A}.Debug|Any CPU.ActiveCfg = Debug|Any CPU
		{B4D2D4E9-AA10-48FF-A5FD-B5E634A01F3A}.Debug|Any CPU.Build.0 = Debug|Any CPU
		{B4D2D4E9-AA10-48FF-A5FD-B5E634A01F3A}.Release|Any CPU.ActiveCfg = Release|Any CPU
		{B4D2D4E9-AA10-48FF-A5FD-B5E634A01F3A}.Release|Any CPU.Build.0 = Release|Any CPU
		{DF277C3A-0779-45E1-8FE3-CEF677756E48}.Debug|Any CPU.ActiveCfg = Debug|Any CPU
		{DF277C3A-0779-45E1-8FE3-CEF677756E48}.Debug|Any CPU.Build.0 = Debug|Any CPU
		{DF277C3A-0779-45E1-8FE3-CEF677756E48}.Release|Any CPU.ActiveCfg = Release|Any CPU
		{DF277C3A-0779-45E1-8FE3-CEF677756E48}.Release|Any CPU.Build.0 = Release|Any CPU
		{91761164-DAE0-4456-8342-39A571BE9A27}.Debug|Any CPU.ActiveCfg = Debug|Any CPU
		{91761164-DAE0-4456-8342-39A571BE9A27}.Debug|Any CPU.Build.0 = Debug|Any CPU
		{91761164-DAE0-4456-8342-39A571BE9A27}.Release|Any CPU.ActiveCfg = Release|Any CPU
		{91761164-DAE0-4456-8342-39A571BE9A27}.Release|Any CPU.Build.0 = Release|Any CPU
		{6559E63E-9734-46A2-9C6B-82D1EDCDCB10}.Debug|Any CPU.ActiveCfg = Debug|Any CPU
		{6559E63E-9734-46A2-9C6B-82D1EDCDCB10}.Debug|Any CPU.Build.0 = Debug|Any CPU
		{6559E63E-9734-46A2-9C6B-82D1EDCDCB10}.Release|Any CPU.ActiveCfg = Release|Any CPU
		{6559E63E-9734-46A2-9C6B-82D1EDCDCB10}.Release|Any CPU.Build.0 = Release|Any CPU
		{15C85FC4-804E-4D81-B26B-812D5F5E73D8}.Debug|Any CPU.ActiveCfg = Debug|Any CPU
		{15C85FC4-804E-4D81-B26B-812D5F5E73D8}.Debug|Any CPU.Build.0 = Debug|Any CPU
		{15C85FC4-804E-4D81-B26B-812D5F5E73D8}.Release|Any CPU.ActiveCfg = Release|Any CPU
		{15C85FC4-804E-4D81-B26B-812D5F5E73D8}.Release|Any CPU.Build.0 = Release|Any CPU
		{AC6DA5B8-2E4D-4D1D-AAB1-1D9F543EA487}.Debug|Any CPU.ActiveCfg = Debug|Any CPU
		{AC6DA5B8-2E4D-4D1D-AAB1-1D9F543EA487}.Debug|Any CPU.Build.0 = Debug|Any CPU
		{AC6DA5B8-2E4D-4D1D-AAB1-1D9F543EA487}.Release|Any CPU.ActiveCfg = Release|Any CPU
		{AC6DA5B8-2E4D-4D1D-AAB1-1D9F543EA487}.Release|Any CPU.Build.0 = Release|Any CPU
		{845B1A9B-8FE6-4777-81B8-3FA3D00B3183}.Debug|Any CPU.ActiveCfg = Debug|Any CPU
		{845B1A9B-8FE6-4777-81B8-3FA3D00B3183}.Debug|Any CPU.Build.0 = Debug|Any CPU
		{845B1A9B-8FE6-4777-81B8-3FA3D00B3183}.Release|Any CPU.ActiveCfg = Release|Any CPU
		{845B1A9B-8FE6-4777-81B8-3FA3D00B3183}.Release|Any CPU.Build.0 = Release|Any CPU
		{7F67DBF9-9028-4668-B164-B6D5FC63BFC0}.Debug|Any CPU.ActiveCfg = Debug|Any CPU
		{7F67DBF9-9028-4668-B164-B6D5FC63BFC0}.Debug|Any CPU.Build.0 = Debug|Any CPU
		{7F67DBF9-9028-4668-B164-B6D5FC63BFC0}.Release|Any CPU.ActiveCfg = Release|Any CPU
		{7F67DBF9-9028-4668-B164-B6D5FC63BFC0}.Release|Any CPU.Build.0 = Release|Any CPU
		{5412D135-F0E6-4684-8EEE-AC8B757A83C9}.Debug|Any CPU.ActiveCfg = Debug|Any CPU
		{5412D135-F0E6-4684-8EEE-AC8B757A83C9}.Debug|Any CPU.Build.0 = Debug|Any CPU
		{5412D135-F0E6-4684-8EEE-AC8B757A83C9}.Release|Any CPU.ActiveCfg = Release|Any CPU
		{5412D135-F0E6-4684-8EEE-AC8B757A83C9}.Release|Any CPU.Build.0 = Release|Any CPU
		{46EAD774-294B-48AB-9B21-B13E3FEB206B}.Debug|Any CPU.ActiveCfg = Debug|Any CPU
		{46EAD774-294B-48AB-9B21-B13E3FEB206B}.Debug|Any CPU.Build.0 = Debug|Any CPU
		{46EAD774-294B-48AB-9B21-B13E3FEB206B}.Release|Any CPU.ActiveCfg = Release|Any CPU
		{46EAD774-294B-48AB-9B21-B13E3FEB206B}.Release|Any CPU.Build.0 = Release|Any CPU
		{8E594E05-5CDD-48F8-A5B5-98B627685D14}.Debug|Any CPU.ActiveCfg = Debug|Any CPU
		{8E594E05-5CDD-48F8-A5B5-98B627685D14}.Debug|Any CPU.Build.0 = Debug|Any CPU
		{8E594E05-5CDD-48F8-A5B5-98B627685D14}.Release|Any CPU.ActiveCfg = Release|Any CPU
		{8E594E05-5CDD-48F8-A5B5-98B627685D14}.Release|Any CPU.Build.0 = Release|Any CPU
		{A2373D48-05E3-4C84-B839-BAF9954C05A1}.Debug|Any CPU.ActiveCfg = Debug|Any CPU
		{A2373D48-05E3-4C84-B839-BAF9954C05A1}.Debug|Any CPU.Build.0 = Debug|Any CPU
		{A2373D48-05E3-4C84-B839-BAF9954C05A1}.Release|Any CPU.ActiveCfg = Release|Any CPU
		{A2373D48-05E3-4C84-B839-BAF9954C05A1}.Release|Any CPU.Build.0 = Release|Any CPU
		{A17773F9-9438-485B-94FF-06195BF731A6}.Debug|Any CPU.ActiveCfg = Debug|Any CPU
		{A17773F9-9438-485B-94FF-06195BF731A6}.Debug|Any CPU.Build.0 = Debug|Any CPU
		{A17773F9-9438-485B-94FF-06195BF731A6}.Release|Any CPU.ActiveCfg = Release|Any CPU
		{A17773F9-9438-485B-94FF-06195BF731A6}.Release|Any CPU.Build.0 = Release|Any CPU
		{3DBF952F-8F4C-45E3-AC9F-E5F14690825A}.Debug|Any CPU.ActiveCfg = Debug|Any CPU
		{3DBF952F-8F4C-45E3-AC9F-E5F14690825A}.Debug|Any CPU.Build.0 = Debug|Any CPU
		{3DBF952F-8F4C-45E3-AC9F-E5F14690825A}.Release|Any CPU.ActiveCfg = Release|Any CPU
		{3DBF952F-8F4C-45E3-AC9F-E5F14690825A}.Release|Any CPU.Build.0 = Release|Any CPU
		{008B5043-6EEA-4C21-B65E-3B6E446DAD52}.Debug|Any CPU.ActiveCfg = Debug|Any CPU
		{008B5043-6EEA-4C21-B65E-3B6E446DAD52}.Debug|Any CPU.Build.0 = Debug|Any CPU
		{008B5043-6EEA-4C21-B65E-3B6E446DAD52}.Release|Any CPU.ActiveCfg = Release|Any CPU
		{008B5043-6EEA-4C21-B65E-3B6E446DAD52}.Release|Any CPU.Build.0 = Release|Any CPU
		{4811E6CD-99B9-4905-B08D-C1C2295503D8}.Debug|Any CPU.ActiveCfg = Debug|Any CPU
		{4811E6CD-99B9-4905-B08D-C1C2295503D8}.Debug|Any CPU.Build.0 = Debug|Any CPU
		{4811E6CD-99B9-4905-B08D-C1C2295503D8}.Release|Any CPU.ActiveCfg = Release|Any CPU
		{4811E6CD-99B9-4905-B08D-C1C2295503D8}.Release|Any CPU.Build.0 = Release|Any CPU
	EndGlobalSection
	GlobalSection(NestedProjects) = preSolution
		{91761164-DAE0-4456-8342-39A571BE9A27} = {53440ED9-EC80-4AB9-B5F2-D9A018D57D37}
		{6559E63E-9734-46A2-9C6B-82D1EDCDCB10} = {53440ED9-EC80-4AB9-B5F2-D9A018D57D37}
		{AC6DA5B8-2E4D-4D1D-AAB1-1D9F543EA487} = {53440ED9-EC80-4AB9-B5F2-D9A018D57D37}
		{AEF3F7F8-0AC1-49FA-9AB7-DF43753F8EC9} = {141C8A94-D506-4060-BAFA-47928EA9B627}
		{B4D2D4E9-AA10-48FF-A5FD-B5E634A01F3A} = {89D8B426-F1AF-4598-AAC6-B2F7CF260062}
		{DF277C3A-0779-45E1-8FE3-CEF677756E48} = {11638FC4-FCB4-48D9-9873-4B88A285E65E}
		{15C85FC4-804E-4D81-B26B-812D5F5E73D8} = {89D8B426-F1AF-4598-AAC6-B2F7CF260062}
		{845B1A9B-8FE6-4777-81B8-3FA3D00B3183} = {89D8B426-F1AF-4598-AAC6-B2F7CF260062}
		{7F67DBF9-9028-4668-B164-B6D5FC63BFC0} = {11638FC4-FCB4-48D9-9873-4B88A285E65E}
		{5412D135-F0E6-4684-8EEE-AC8B757A83C9} = {11638FC4-FCB4-48D9-9873-4B88A285E65E}
		{46EAD774-294B-48AB-9B21-B13E3FEB206B} = {141C8A94-D506-4060-BAFA-47928EA9B627}
		{8E594E05-5CDD-48F8-A5B5-98B627685D14} = {89D8B426-F1AF-4598-AAC6-B2F7CF260062}
		{A2373D48-05E3-4C84-B839-BAF9954C05A1} = {141C8A94-D506-4060-BAFA-47928EA9B627}
		{A17773F9-9438-485B-94FF-06195BF731A6} = {89D8B426-F1AF-4598-AAC6-B2F7CF260062}
		{3DBF952F-8F4C-45E3-AC9F-E5F14690825A} = {141C8A94-D506-4060-BAFA-47928EA9B627}
		{008B5043-6EEA-4C21-B65E-3B6E446DAD52} = {11638FC4-FCB4-48D9-9873-4B88A285E65E}
		{4811E6CD-99B9-4905-B08D-C1C2295503D8} = {89D8B426-F1AF-4598-AAC6-B2F7CF260062}
	EndGlobalSection
EndGlobal
